PODS:
  - Alamofire (4.7.2)
  - AwaitKit (5.0.0):
    - PromiseKit (~> 6)
  - BeareadToast (0.0.3)
  - BigInt (3.0.1):
    - SipHash (~> 1.2)
  - BiometricAuthentication (1.0.5)
  - Cache (4.2.0)
  - ChainableAnimations (3.0.1)
  - Crashlytics (3.10.1):
    - Fabric (~> 1.7.5)
  - CryptoSwift (0.9.0)
  - DNSPageView (1.0.1)
  - EasyAnimation (2.0.2)
  - ESTabBarController-swift (2.6.2)
  - Fabric (1.7.6)
  - FBRetainCycleDetector (0.1.4)
  - FCUUID (1.3.1):
    - UICKeyChainStore (~> 2.1.0)
  - GRDB.swift (2.10.0)
  - Guitar (0.4.1)
  - IHKeyboardAvoiding (4.2)
  - IQKeyboardManagerSwift (6.0.3)
  - JSONRPCKit (3.0.0):
    - Result (~> 3.2.0)
  - KeychainAccess (3.1.1)
  - Kingfisher (4.7.0)
  - KMNavigationBarTransition (1.1.5)
  - LifetimeTracker (1.4.0)
  - Localize-Swift (2.0.0)
  - Locksmith (4.0.0)
  - Macaw (0.9.0):
    - SWXMLHash
  - MJRefresh (3.1.15.3)
  - MLeaksFinder (1.0.0):
    - FBRetainCycleDetector
  - Moya (11.0.2):
    - Moya/Core (= 11.0.2)
  - Moya/Core (11.0.2):
    - Alamofire (~> 4.1)
    - Result (~> 3.0)
  - NVActivityIndicatorView (4.2.1):
    - NVActivityIndicatorView/Presenter (= 4.2.1)
  - NVActivityIndicatorView/Presenter (4.2.1)
  - ObjectMapper (3.1.0)
  - Presentr (1.3.2)
  - PromiseKit (6.2.6):
    - PromiseKit/CorePromise (= 6.2.6)
    - PromiseKit/Foundation (= 6.2.6)
    - PromiseKit/UIKit (= 6.2.6)
  - PromiseKit/CorePromise (6.2.6)
  - PromiseKit/Foundation (6.2.6):
    - PromiseKit/CorePromise
  - PromiseKit/UIKit (6.2.6):
    - PromiseKit/CorePromise
  - Proposer (1.2.0)
  - R.swift (4.0.0):
    - R.swift.Library (~> 4.0.0)
  - R.swift.Library (4.0.0)
  - RealReachability (1.2.0):
    - RealReachability/Connection (= 1.2.0)
    - RealReachability/Ping (= 1.2.0)
  - RealReachability/Connection (1.2.0)
  - RealReachability/Ping (1.2.0)
  - Repeat (0.5.4)
  - Result (3.2.4)
  - ReSwift (4.0.1)
  - Reveal-SDK (14)
  - RxCocoa (4.1.2):
    - RxSwift (~> 4.0)
  - RxGesture (1.2.1):
    - RxCocoa (~> 4.0)
    - RxSwift (~> 4.0)
  - RxGRDB (0.10.0):
    - RxGRDB/default (= 0.10.0)
    - RxSwift (~> 4.0)
  - RxGRDB/default (0.10.0):
    - GRDB.swift (~> 2.6)
    - RxSwift (~> 4.0)
  - RxSwift (4.1.2)
  - SDCAlertView (8.0.2)
  - SipHash (1.2.0)
  - Siren (3.4.0)
  - Starscream (3.0.5)
  - SwifterSwift (4.3.0):
    - SwifterSwift/AppKit (= 4.3.0)
    - SwifterSwift/CoreGraphics (= 4.3.0)
    - SwifterSwift/CoreLocation (= 4.3.0)
    - SwifterSwift/Foundation (= 4.3.0)
    - SwifterSwift/MapKit (= 4.3.0)
    - SwifterSwift/SwiftStdlib (= 4.3.0)
    - SwifterSwift/UIKit (= 4.3.0)
  - SwifterSwift/AppKit (4.3.0)
  - SwifterSwift/CoreGraphics (4.3.0)
  - SwifterSwift/CoreLocation (4.3.0)
  - SwifterSwift/Foundation (4.3.0)
  - SwifterSwift/MapKit (4.3.0)
  - SwifterSwift/SwiftStdlib (4.3.0)
  - SwifterSwift/UIKit (4.3.0)
  - SwiftHash (2.0.1)
  - SwiftRichString (2.0.1)
  - SwiftTheme (0.4.1)
  - SwiftyJSON (4.1.0)
  - SwiftyUserDefaults (3.0.1)
  - SWXMLHash (4.7.0)
  - TableFlip (1.2)
  - TextFieldEffects (1.4.0)
  - Then (2.3.0)
  - TinyConstraints (3.1.0)
  - Typist (1.2.1)
  - UICKeyChainStore (2.1.1)
  - UIFontComplete (3.0.0)
  - Zephyr (3.1.2)
  - ZLaunchAd (2.0.2):
    - SwiftHash (>= 2.0.1)

DEPENDENCIES:
  - AwaitKit
  - BeareadToast (from `https://github.com/phpmaple/BeareadToast`)
  - BigInt
  - BiometricAuthentication
  - Cache
  - ChainableAnimations
  - Crashlytics
  - CryptoSwift
  - DNSPageView
  - EasyAnimation
  - ESTabBarController-swift
  - Fabric
  - FCUUID
  - GRDB.swift
  - Guitar
  - IHKeyboardAvoiding
  - IQKeyboardManagerSwift
  - JSONRPCKit
  - KeychainAccess
  - Kingfisher
  - KMNavigationBarTransition
  - LifetimeTracker
  - Localize-Swift
  - Locksmith
  - Macaw
  - MJRefresh
  - MLeaksFinder
  - Moya
  - NVActivityIndicatorView
  - ObjectMapper
  - Presentr
  - Proposer
  - R.swift
  - RealReachability
  - Repeat
  - ReSwift
  - Reveal-SDK
  - RxCocoa
  - RxGesture
  - RxGRDB
  - RxSwift
  - SDCAlertView
  - Siren
  - Starscream
  - SwifterSwift
  - SwiftRichString (from `https://github.com/malcommac/SwiftRichString`, tag `2.0.1`)
  - SwiftTheme
  - SwiftyJSON
  - SwiftyUserDefaults
  - TableFlip
  - TextFieldEffects
  - Then
  - TinyConstraints
  - Typist
  - UIFontComplete
  - Zephyr
  - ZLaunchAd

SPEC REPOS:
  https://github.com/cocoapods/specs.git:
    - Alamofire
    - AwaitKit
    - BigInt
    - BiometricAuthentication
    - Cache
    - ChainableAnimations
    - Crashlytics
    - CryptoSwift
    - DNSPageView
    - EasyAnimation
    - ESTabBarController-swift
    - Fabric
    - FBRetainCycleDetector
    - FCUUID
    - GRDB.swift
    - Guitar
    - IHKeyboardAvoiding
    - IQKeyboardManagerSwift
    - JSONRPCKit
    - KeychainAccess
    - Kingfisher
    - KMNavigationBarTransition
    - LifetimeTracker
    - Localize-Swift
    - Locksmith
    - Macaw
    - MJRefresh
    - MLeaksFinder
    - Moya
    - NVActivityIndicatorView
    - ObjectMapper
    - Presentr
    - PromiseKit
    - Proposer
    - R.swift
    - R.swift.Library
    - RealReachability
    - Repeat
    - Result
    - ReSwift
    - Reveal-SDK
    - RxCocoa
    - RxGesture
    - RxGRDB
    - RxSwift
    - SDCAlertView
    - SipHash
    - Siren
    - Starscream
    - SwifterSwift
    - SwiftHash
    - SwiftTheme
    - SwiftyJSON
    - SwiftyUserDefaults
    - SWXMLHash
    - TableFlip
    - TextFieldEffects
    - Then
    - TinyConstraints
    - Typist
    - UICKeyChainStore
    - UIFontComplete
    - Zephyr
    - ZLaunchAd

EXTERNAL SOURCES:
  BeareadToast:
    :git: https://github.com/phpmaple/BeareadToast
  SwiftRichString:
    :git: https://github.com/malcommac/SwiftRichString
    :tag: 2.0.1

CHECKOUT OPTIONS:
  BeareadToast:
    :commit: 1e82fc7338e9ab176168af234900f5fc61ade947
    :git: https://github.com/phpmaple/BeareadToast
  SwiftRichString:
    :git: https://github.com/malcommac/SwiftRichString
    :tag: 2.0.1

SPEC CHECKSUMS:
  Alamofire: e4fa87002c137ba2d8d634d2c51fabcda0d5c223
  AwaitKit: d8a6e30eeb2da916630270b44636b31033388bd8
  BeareadToast: 17ff7f5ac9609b186543d6a45df8f15f78c9ca7a
  BigInt: 8e8a52161c745cd3ab78e3dc346a9fbee51e6cf6
  BiometricAuthentication: e80e99bf1fe871ab624172eb91f1ddbbc47499b5
  Cache: f28f8dd64b632155aabf9b3906b036a659048251
  ChainableAnimations: 12e0a88e72fb554ad4cda38c40474e4d65c972a2
  Crashlytics: aee1a064cbbf99b32efa3f056a5f458d846bc8ff
  CryptoSwift: bca8c5b653dcc2d9734409242a070ff53bafac86
  DNSPageView: 93b0f9c9ab0e2f8c1d9aa5b0d44740bd2d775d78
  EasyAnimation: 977ef673efe8ce62447807eedb380a77b189dc80
  ESTabBarController-swift: f0a8679e43df1e60b7b36bbcaf1dc98ba6273c7d
  Fabric: f8d42c893bb187326a7968b62abe55c36a987a46
  FBRetainCycleDetector: 46f8179bbb1c587deee3ea838a1a3ee02acf5015
  FCUUID: bb054fc90cd7cd99320f9f6ff8e130fe607fba05
  GRDB.swift: 9859cab1b990eac62ee550d3d2208ec1b44f76af
  Guitar: 7410dc37f2c12d5b8b67711d771608900c37636e
  IHKeyboardAvoiding: 9fbf816b7c3c84911964802ff110d12caf40ebef
  IQKeyboardManagerSwift: 04e8679f85e496bb2c474eeb9284052f1b3c391c
  JSONRPCKit: 50e0dc5e7f873e87f81562feb8836b7d1974da6d
  KeychainAccess: 7bd430028059754a3debab3cfc0bd1fc7fb85df3
  Kingfisher: da6b005aa96d37698e3e4f1ccfe96a5b9bbf27d6
  KMNavigationBarTransition: 7a52c9bc25b39b6e3343e980b453facee1591b82
  LifetimeTracker: 51b52d559ffd4570584996b4b94b8779e525ee62
  Localize-Swift: c798ec9286494866f7068f85f7c71283ac5bdab4
  Locksmith: e9bebbaaa4cee3c511bc358a44f843c3fe00e21f
  Macaw: 6337ed621a73df10522eaab17f45c1ae0b753dc0
  MJRefresh: b48380ae2b927b46c4ef000de9adb8dc748e1df7
  MLeaksFinder: 8c435bd2f6d070af18cff082b503b21adc130fc0
  Moya: a725035953bc1c0eb1be505ab903984501d82440
  NVActivityIndicatorView: 8068ba3ad39cb44cbaab25d89ff2546b3f092681
  ObjectMapper: 20505058f54e5c3ca69e1d6de9897d152a5369a6
  Presentr: 797ae6ec8904eaba4ec58a4c2065bd66e31569ea
  PromiseKit: 8245cb2e3a8fe00453e580bd4aafb57e1671f501
  Proposer: 722fe61822b89f551ae10afe8314067f98c39c28
  R.swift: d6a5ec2f55a8441dc0ed9f1f8b37d7d11ae85c66
  R.swift.Library: c3af34921024333546e23b70e70d0b4e0cffca75
  RealReachability: 5e4759f821ecc1c03f6e1db0baf682ef59468b5f
  Repeat: 6e9ea5147b87470c9ceb4b8b090e3be301dd3461
  Result: d2d07204ce72856f1fd9130bbe42c35a7b0fea10
  ReSwift: f4012c613e13da7398827fe5aebdb938eaed40a3
  Reveal-SDK: 55b5c5545233b680c2f8da734f202acc15d422b7
  RxCocoa: d88ba0f1f6abf040011a9eb4b539324fc426843a
  RxGesture: c278eb05b187abd47e11e65464ae4de53ab71d95
  RxGRDB: 6a62783c9559f9b1d87c52abd1c331e469765903
  RxSwift: e49536837d9901277638493ea537394d4b55f570
  SDCAlertView: 289481e983c60abc5b4b5f4c7241fec9c7a853d5
  SipHash: c6e9e43e9c531b5bc6602545130c26194a6d31ce
  Siren: 5b8be41b5cd05aa3528303325966e919bd53e412
  Starscream: faf918b2f2eff7d5dd21180646bf015a669673bd
  SwifterSwift: f3fce2b9fc5b9d8fda6eec33825e5243c60aebba
  SwiftHash: c805de5a434eacfa0dac7210745a50c55d7fe33d
  SwiftRichString: 3b29b5f2eb0eb244497532f2fd2ec26318eae584
  SwiftTheme: 36d71c4eed4b2c401c782cf036e4586c749a8173
  SwiftyJSON: c29297daf073d2aa016295d5809cdd68045c39b3
  SwiftyUserDefaults: 3d273b1739b68ada3145dc754a70ec775bc5c8be
  SWXMLHash: f4522438189f72b41e39676d19469a8969d60dd1
  TableFlip: 2ae22773412b295a7cbc54d95b44085bb28092f6
  TextFieldEffects: 4ee41b5216e674d55fb6ac25107bf1af7629176f
  Then: ee21c97b85ff6062b9b0080c9abb1eea46743345
  TinyConstraints: 4721a4b303c799328867078ade6560e152df54d1
  Typist: 88b462c1c5adc6d4e8601773fcb0b7d7113d18af
  UICKeyChainStore: 239558492fa260531a0774cfc611ea83a6eaff3a
  UIFontComplete: 5b0f59a83308816c610164b79a2540b3520f9b72
  Zephyr: 7a3c2678c6bb935a13d7215ec9154956e8b4d209
  ZLaunchAd: 33386c55fe481f6c2b40250324798d4199469b46

PODFILE CHECKSUM: 215d96f4ac93a8a8b557bed89562c59a7ff7c99a

COCOAPODS: 1.5.2
