PODS:
  - MBProgressHUD (1.0.0)
  - SSZipArchive (2.0.8)

DEPENDENCIES:
  - MBProgressHUD
  - SSZipArchive

SPEC REPOS:
  trunk:
    - MBProgressHUD
    - SSZipArchive

SPEC CHECKSUMS:
  MBProgressHUD: 4890f671c94e8a0f3cf959aa731e9de2f036d71a
  SSZipArchive: e6ab66e1936fac7e3b5073e9f5eb364d91dfbfc7

PODFILE CHECKSUM: 78da2626a70b355cf73c66d7f8222aa47d56fb43

COCOAPODS: 1.8.4
